// !$*UTF8*$!
{
	archiveVersion = 1;
	classes = {
	};
	objectVersion = 51;
	objects = {

/* Begin PBXBuildFile section */
		4F5BBEFD252B2BAD00C96466 /* PhotoTableViewCell.swift in Sources */ = {isa = PBXBuildFile; fileRef = 4F5BBEFB252B2BAD00C96466 /* PhotoTableViewCell.swift */; };
		4F5BBEFE252B2BAD00C96466 /* PhotoTableViewCell.xib in Resources */ = {isa = PBXBuildFile; fileRef = 4F5BBEFC252B2BAD00C96466 /* PhotoTableViewCell.xib */; };
		573F097063B2AB0F45C03490 /* Pods_demo.framework in Frameworks */ = {isa = PBXBuildFile; fileRef = 5625F2292411111CE3B4D931 /* Pods_demo.framework */; };
		6630B8A3194B930CE763517D /* Pods_demoTests.framework in Frameworks */ = {isa = PBXBuildFile; fileRef = 919C5A305926672741A9AF3C /* Pods_demoTests.framework */; };
		762AEB8525286E6400105B9E /* UIImageviewExtension.swift in Sources */ = {isa = PBXBuildFile; fileRef = 762AEB8425286E6400105B9E /* UIImageviewExtension.swift */; };
		765EEC3625284BAA00A51837 /* AppDelegate.swift in Sources */ = {isa = PBXBuildFile; fileRef = 765EEC3525284BAA00A51837 /* AppDelegate.swift */; };
		765EEC3825284BAA00A51837 /* SceneDelegate.swift in Sources */ = {isa = PBXBuildFile; fileRef = 765EEC3725284BAA00A51837 /* SceneDelegate.swift */; };
		765EEC3A25284BAA00A51837 /* ViewController.swift in Sources */ = {isa = PBXBuildFile; fileRef = 765EEC3925284BAA00A51837 /* ViewController.swift */; };
		765EEC3D25284BAA00A51837 /* Main.storyboard in Resources */ = {isa = PBXBuildFile; fileRef = 765EEC3B25284BAA00A51837 /* Main.storyboard */; };
		765EEC3F25284BAB00A51837 /* Assets.xcassets in Resources */ = {isa = PBXBuildFile; fileRef = 765EEC3E25284BAB00A51837 /* Assets.xcassets */; };
		765EEC4225284BAC00A51837 /* LaunchScreen.storyboard in Resources */ = {isa = PBXBuildFile; fileRef = 765EEC4025284BAC00A51837 /* LaunchScreen.storyboard */; };
		765EEC4D25284BAC00A51837 /* demoTests.swift in Sources */ = {isa = PBXBuildFile; fileRef = 765EEC4C25284BAC00A51837 /* demoTests.swift */; };
		765EEC5825284BAC00A51837 /* demoUITests.swift in Sources */ = {isa = PBXBuildFile; fileRef = 765EEC5725284BAC00A51837 /* demoUITests.swift */; };
		768CEB2325285CEA00B8D693 /* File.swift in Sources */ = {isa = PBXBuildFile; fileRef = 768CEB2225285CEA00B8D693 /* File.swift */; };
		DC307419D33832876411A497 /* Pods_demo_demoUITests.framework in Frameworks */ = {isa = PBXBuildFile; fileRef = 89457F6FAF7621127183BFC4 /* Pods_demo_demoUITests.framework */; };
/* End PBXBuildFile section */

/* Begin PBXContainerItemProxy section */
		765EEC4925284BAC00A51837 /* PBXContainerItemProxy */ = {
			isa = PBXContainerItemProxy;
			containerPortal = 765EEC2A25284BA900A51837 /* Project object */;
			proxyType = 1;
			remoteGlobalIDString = 765EEC3125284BA900A51837;
			remoteInfo = demo;
		};
		765EEC5425284BAC00A51837 /* PBXContainerItemProxy */ = {
			isa = PBXContainerItemProxy;
			containerPortal = 765EEC2A25284BA900A51837 /* Project object */;
			proxyType = 1;
			remoteGlobalIDString = 765EEC3125284BA900A51837;
			remoteInfo = demo;
		};
/* End PBXContainerItemProxy section */

/* Begin PBXFileReference section */
		021EAEE0A776B644957E43E7 /* Pods-demoTests.debug.xcconfig */ = {isa = PBXFileReference; includeInIndex = 1; lastKnownFileType = text.xcconfig; name = "Pods-demoTests.debug.xcconfig"; path = "Target Support Files/Pods-demoTests/Pods-demoTests.debug.xcconfig"; sourceTree = "<group>"; };
		1E8732A27C2320399D530758 /* Pods-demoTests.release.xcconfig */ = {isa = PBXFileReference; includeInIndex = 1; lastKnownFileType = text.xcconfig; name = "Pods-demoTests.release.xcconfig"; path = "Target Support Files/Pods-demoTests/Pods-demoTests.release.xcconfig"; sourceTree = "<group>"; };
		48E95004CDB4621621254E80 /* Pods-demo-demoUITests.debug.xcconfig */ = {isa = PBXFileReference; includeInIndex = 1; lastKnownFileType = text.xcconfig; name = "Pods-demo-demoUITests.debug.xcconfig"; path = "Target Support Files/Pods-demo-demoUITests/Pods-demo-demoUITests.debug.xcconfig"; sourceTree = "<group>"; };
		4F5BBEFB252B2BAD00C96466 /* PhotoTableViewCell.swift */ = {isa = PBXFileReference; lastKnownFileType = sourcecode.swift; path = PhotoTableViewCell.swift; sourceTree = "<group>"; };
		4F5BBEFC252B2BAD00C96466 /* PhotoTableViewCell.xib */ = {isa = PBXFileReference; lastKnownFileType = file.xib; path = PhotoTableViewCell.xib; sourceTree = "<group>"; };
		5625F2292411111CE3B4D931 /* Pods_demo.framework */ = {isa = PBXFileReference; explicitFileType = wrapper.framework; includeInIndex = 0; path = Pods_demo.framework; sourceTree = BUILT_PRODUCTS_DIR; };
		762AEB8425286E6400105B9E /* UIImageviewExtension.swift */ = {isa = PBXFileReference; lastKnownFileType = sourcecode.swift; path = UIImageviewExtension.swift; sourceTree = "<group>"; };
		765EEC3225284BAA00A51837 /* demo.app */ = {isa = PBXFileReference; explicitFileType = wrapper.application; includeInIndex = 0; path = demo.app; sourceTree = BUILT_PRODUCTS_DIR; };
		765EEC3525284BAA00A51837 /* AppDelegate.swift */ = {isa = PBXFileReference; lastKnownFileType = sourcecode.swift; path = AppDelegate.swift; sourceTree = "<group>"; };
		765EEC3725284BAA00A51837 /* SceneDelegate.swift */ = {isa = PBXFileReference; lastKnownFileType = sourcecode.swift; path = SceneDelegate.swift; sourceTree = "<group>"; };
		765EEC3925284BAA00A51837 /* ViewController.swift */ = {isa = PBXFileReference; lastKnownFileType = sourcecode.swift; path = ViewController.swift; sourceTree = "<group>"; };
		765EEC3C25284BAA00A51837 /* Base */ = {isa = PBXFileReference; lastKnownFileType = file.storyboard; name = Base; path = Base.lproj/Main.storyboard; sourceTree = "<group>"; };
		765EEC3E25284BAB00A51837 /* Assets.xcassets */ = {isa = PBXFileReference; lastKnownFileType = folder.assetcatalog; path = Assets.xcassets; sourceTree = "<group>"; };
		765EEC4125284BAC00A51837 /* Base */ = {isa = PBXFileReference; lastKnownFileType = file.storyboard; name = Base; path = Base.lproj/LaunchScreen.storyboard; sourceTree = "<group>"; };
		765EEC4325284BAC00A51837 /* Info.plist */ = {isa = PBXFileReference; lastKnownFileType = text.plist.xml; path = Info.plist; sourceTree = "<group>"; };
		765EEC4825284BAC00A51837 /* demoTests.xctest */ = {isa = PBXFileReference; explicitFileType = wrapper.cfbundle; includeInIndex = 0; path = demoTests.xctest; sourceTree = BUILT_PRODUCTS_DIR; };
		765EEC4C25284BAC00A51837 /* demoTests.swift */ = {isa = PBXFileReference; lastKnownFileType = sourcecode.swift; path = demoTests.swift; sourceTree = "<group>"; };
		765EEC4E25284BAC00A51837 /* Info.plist */ = {isa = PBXFileReference; lastKnownFileType = text.plist.xml; path = Info.plist; sourceTree = "<group>"; };
		765EEC5325284BAC00A51837 /* demoUITests.xctest */ = {isa = PBXFileReference; explicitFileType = wrapper.cfbundle; includeInIndex = 0; path = demoUITests.xctest; sourceTree = BUILT_PRODUCTS_DIR; };
		765EEC5725284BAC00A51837 /* demoUITests.swift */ = {isa = PBXFileReference; lastKnownFileType = sourcecode.swift; path = demoUITests.swift; sourceTree = "<group>"; };
		765EEC5925284BAC00A51837 /* Info.plist */ = {isa = PBXFileReference; lastKnownFileType = text.plist.xml; path = Info.plist; sourceTree = "<group>"; };
		768CEB2225285CEA00B8D693 /* File.swift */ = {isa = PBXFileReference; lastKnownFileType = sourcecode.swift; path = File.swift; sourceTree = "<group>"; };
		89457F6FAF7621127183BFC4 /* Pods_demo_demoUITests.framework */ = {isa = PBXFileReference; explicitFileType = wrapper.framework; includeInIndex = 0; path = Pods_demo_demoUITests.framework; sourceTree = BUILT_PRODUCTS_DIR; };
		919C5A305926672741A9AF3C /* Pods_demoTests.framework */ = {isa = PBXFileReference; explicitFileType = wrapper.framework; includeInIndex = 0; path = Pods_demoTests.framework; sourceTree = BUILT_PRODUCTS_DIR; };
		9439B4E2B678BA26900BFB09 /* Pods-demo.debug.xcconfig */ = {isa = PBXFileReference; includeInIndex = 1; lastKnownFileType = text.xcconfig; name = "Pods-demo.debug.xcconfig"; path = "Target Support Files/Pods-demo/Pods-demo.debug.xcconfig"; sourceTree = "<group>"; };
		B6F2317A37DDA58829F7E47F /* Pods-demo.release.xcconfig */ = {isa = PBXFileReference; includeInIndex = 1; lastKnownFileType = text.xcconfig; name = "Pods-demo.release.xcconfig"; path = "Target Support Files/Pods-demo/Pods-demo.release.xcconfig"; sourceTree = "<group>"; };
		CB6A28C318225F8572013528 /* Pods-demo-demoUITests.release.xcconfig */ = {isa = PBXFileReference; includeInIndex = 1; lastKnownFileType = text.xcconfig; name = "Pods-demo-demoUITests.release.xcconfig"; path = "Target Support Files/Pods-demo-demoUITests/Pods-demo-demoUITests.release.xcconfig"; sourceTree = "<group>"; };
/* End PBXFileReference section */

/* Begin PBXFrameworksBuildPhase section */
		765EEC2F25284BA900A51837 /* Frameworks */ = {
			isa = PBXFrameworksBuildPhase;
			buildActionMask = 2147483647;
			files = (
				573F097063B2AB0F45C03490 /* Pods_demo.framework in Frameworks */,
			);
			runOnlyForDeploymentPostprocessing = 0;
		};
		765EEC4525284BAC00A51837 /* Frameworks */ = {
			isa = PBXFrameworksBuildPhase;
			buildActionMask = 2147483647;
			files = (
				6630B8A3194B930CE763517D /* Pods_demoTests.framework in Frameworks */,
			);
			runOnlyForDeploymentPostprocessing = 0;
		};
		765EEC5025284BAC00A51837 /* Frameworks */ = {
			isa = PBXFrameworksBuildPhase;
			buildActionMask = 2147483647;
			files = (
				DC307419D33832876411A497 /* Pods_demo_demoUITests.framework in Frameworks */,
			);
			runOnlyForDeploymentPostprocessing = 0;
		};
/* End PBXFrameworksBuildPhase section */

/* Begin PBXGroup section */
		1C250DDFFDA4ABAFB3C69873 /* Pods */ = {
			isa = PBXGroup;
			children = (
				9439B4E2B678BA26900BFB09 /* Pods-demo.debug.xcconfig */,
				B6F2317A37DDA58829F7E47F /* Pods-demo.release.xcconfig */,
				48E95004CDB4621621254E80 /* Pods-demo-demoUITests.debug.xcconfig */,
				CB6A28C318225F8572013528 /* Pods-demo-demoUITests.release.xcconfig */,
				021EAEE0A776B644957E43E7 /* Pods-demoTests.debug.xcconfig */,
				1E8732A27C2320399D530758 /* Pods-demoTests.release.xcconfig */,
			);
			path = Pods;
			sourceTree = "<group>";
		};
		765EEC2925284BA900A51837 = {
			isa = PBXGroup;
			children = (
				765EEC3425284BAA00A51837 /* demo */,
				765EEC4B25284BAC00A51837 /* demoTests */,
				765EEC5625284BAC00A51837 /* demoUITests */,
				765EEC3325284BAA00A51837 /* Products */,
				1C250DDFFDA4ABAFB3C69873 /* Pods */,
				ABB68CEDF99A53F74DA1A04C /* Frameworks */,
			);
			sourceTree = "<group>";
		};
		765EEC3325284BAA00A51837 /* Products */ = {
			isa = PBXGroup;
			children = (
				765EEC3225284BAA00A51837 /* demo.app */,
				765EEC4825284BAC00A51837 /* demoTests.xctest */,
				765EEC5325284BAC00A51837 /* demoUITests.xctest */,
			);
			name = Products;
			sourceTree = "<group>";
		};
		765EEC3425284BAA00A51837 /* demo */ = {
			isa = PBXGroup;
			children = (
				765EEC3525284BAA00A51837 /* AppDelegate.swift */,
				765EEC3725284BAA00A51837 /* SceneDelegate.swift */,
				765EEC3925284BAA00A51837 /* ViewController.swift */,
				765EEC3B25284BAA00A51837 /* Main.storyboard */,
				765EEC3E25284BAB00A51837 /* Assets.xcassets */,
				765EEC4025284BAC00A51837 /* LaunchScreen.storyboard */,
				765EEC4325284BAC00A51837 /* Info.plist */,
				768CEB2225285CEA00B8D693 /* File.swift */,
				762AEB8425286E6400105B9E /* UIImageviewExtension.swift */,
				4F5BBEFB252B2BAD00C96466 /* PhotoTableViewCell.swift */,
				4F5BBEFC252B2BAD00C96466 /* PhotoTableViewCell.xib */,
			);
			path = demo;
			sourceTree = "<group>";
		};
		765EEC4B25284BAC00A51837 /* demoTests */ = {
			isa = PBXGroup;
			children = (
				765EEC4C25284BAC00A51837 /* demoTests.swift */,
				765EEC4E25284BAC00A51837 /* Info.plist */,
			);
			path = demoTests;
			sourceTree = "<group>";
		};
		765EEC5625284BAC00A51837 /* demoUITests */ = {
			isa = PBXGroup;
			children = (
				765EEC5725284BAC00A51837 /* demoUITests.swift */,
				765EEC5925284BAC00A51837 /* Info.plist */,
			);
			path = demoUITests;
			sourceTree = "<group>";
		};
		ABB68CEDF99A53F74DA1A04C /* Frameworks */ = {
			isa = PBXGroup;
			children = (
				5625F2292411111CE3B4D931 /* Pods_demo.framework */,
				89457F6FAF7621127183BFC4 /* Pods_demo_demoUITests.framework */,
				919C5A305926672741A9AF3C /* Pods_demoTests.framework */,
			);
			name = Frameworks;
			sourceTree = "<group>";
		};
/* End PBXGroup section */

/* Begin PBXNativeTarget section */
		765EEC3125284BA900A51837 /* demo */ = {
			isa = PBXNativeTarget;
			buildConfigurationList = 765EEC5C25284BAC00A51837 /* Build configuration list for PBXNativeTarget "demo" */;
			buildPhases = (
				4F43D1E7AA49D09E76177C85 /* [CP] Check Pods Manifest.lock */,
				765EEC2E25284BA900A51837 /* Sources */,
				765EEC2F25284BA900A51837 /* Frameworks */,
				765EEC3025284BA900A51837 /* Resources */,
				28770F5E2DED44F4FDDDE24C /* [CP] Embed Pods Frameworks */,
			);
			buildRules = (
			);
			dependencies = (
			);
			name = demo;
			productName = demo;
			productReference = 765EEC3225284BAA00A51837 /* demo.app */;
			productType = "com.apple.product-type.application";
		};
		765EEC4725284BAC00A51837 /* demoTests */ = {
			isa = PBXNativeTarget;
			buildConfigurationList = 765EEC5F25284BAC00A51837 /* Build configuration list for PBXNativeTarget "demoTests" */;
			buildPhases = (
				834123B0BF66DBEAE2C59463 /* [CP] Check Pods Manifest.lock */,
				765EEC4425284BAC00A51837 /* Sources */,
				765EEC4525284BAC00A51837 /* Frameworks */,
				765EEC4625284BAC00A51837 /* Resources */,
			);
			buildRules = (
			);
			dependencies = (
				765EEC4A25284BAC00A51837 /* PBXTargetDependency */,
			);
			name = demoTests;
			productName = demoTests;
			productReference = 765EEC4825284BAC00A51837 /* demoTests.xctest */;
			productType = "com.apple.product-type.bundle.unit-test";
		};
		765EEC5225284BAC00A51837 /* demoUITests */ = {
			isa = PBXNativeTarget;
			buildConfigurationList = 765EEC6225284BAC00A51837 /* Build configuration list for PBXNativeTarget "demoUITests" */;
			buildPhases = (
				4D49CF47725EBD864D719F7D /* [CP] Check Pods Manifest.lock */,
				765EEC4F25284BAC00A51837 /* Sources */,
				765EEC5025284BAC00A51837 /* Frameworks */,
				765EEC5125284BAC00A51837 /* Resources */,
				6CB20821A27EF3BAB99D0577 /* [CP] Embed Pods Frameworks */,
			);
			buildRules = (
			);
			dependencies = (
				765EEC5525284BAC00A51837 /* PBXTargetDependency */,
			);
			name = demoUITests;
			productName = demoUITests;
			productReference = 765EEC5325284BAC00A51837 /* demoUITests.xctest */;
			productType = "com.apple.product-type.bundle.ui-testing";
		};
/* End PBXNativeTarget section */

/* Begin PBXProject section */
		765EEC2A25284BA900A51837 /* Project object */ = {
			isa = PBXProject;
			attributes = {
				LastSwiftUpdateCheck = 1200;
				LastUpgradeCheck = 1200;
				TargetAttributes = {
					765EEC3125284BA900A51837 = {
						CreatedOnToolsVersion = 12.0;
					};
					765EEC4725284BAC00A51837 = {
						CreatedOnToolsVersion = 12.0;
						TestTargetID = 765EEC3125284BA900A51837;
					};
					765EEC5225284BAC00A51837 = {
						CreatedOnToolsVersion = 12.0;
						TestTargetID = 765EEC3125284BA900A51837;
					};
				};
			};
			buildConfigurationList = 765EEC2D25284BA900A51837 /* Build configuration list for PBXProject "demo" */;
			compatibilityVersion = "Xcode 9.3";
			developmentRegion = en;
			hasScannedForEncodings = 0;
			knownRegions = (
				en,
				Base,
			);
			mainGroup = 765EEC2925284BA900A51837;
			productRefGroup = 765EEC3325284BAA00A51837 /* Products */;
			projectDirPath = "";
			projectRoot = "";
			targets = (
				765EEC3125284BA900A51837 /* demo */,
				765EEC4725284BAC00A51837 /* demoTests */,
				765EEC5225284BAC00A51837 /* demoUITests */,
			);
		};
/* End PBXProject section */

/* Begin PBXResourcesBuildPhase section */
		765EEC3025284BA900A51837 /* Resources */ = {
			isa = PBXResourcesBuildPhase;
			buildActionMask = 2147483647;
			files = (
				765EEC4225284BAC00A51837 /* LaunchScreen.storyboard in Resources */,
				4F5BBEFE252B2BAD00C96466 /* PhotoTableViewCell.xib in Resources */,
				765EEC3F25284BAB00A51837 /* Assets.xcassets in Resources */,
				765EEC3D25284BAA00A51837 /* Main.storyboard in Resources */,
			);
			runOnlyForDeploymentPostprocessing = 0;
		};
		765EEC4625284BAC00A51837 /* Resources */ = {
			isa = PBXResourcesBuildPhase;
			buildActionMask = 2147483647;
			files = (
			);
			runOnlyForDeploymentPostprocessing = 0;
		};
		765EEC5125284BAC00A51837 /* Resources */ = {
			isa = PBXResourcesBuildPhase;
			buildActionMask = 2147483647;
			files = (
			);
			runOnlyForDeploymentPostprocessing = 0;
		};
/* End PBXResourcesBuildPhase section */

/* Begin PBXShellScriptBuildPhase section */
		28770F5E2DED44F4FDDDE24C /* [CP] Embed Pods Frameworks */ = {
			isa = PBXShellScriptBuildPhase;
			buildActionMask = 2147483647;
			files = (
			);
			inputFileListPaths = (
				"${PODS_ROOT}/Target Support Files/Pods-demo/Pods-demo-frameworks-${CONFIGURATION}-input-files.xcfilelist",
			);
			name = "[CP] Embed Pods Frameworks";
			outputFileListPaths = (
				"${PODS_ROOT}/Target Support Files/Pods-demo/Pods-demo-frameworks-${CONFIGURATION}-output-files.xcfilelist",
			);
			runOnlyForDeploymentPostprocessing = 0;
			shellPath = /bin/sh;
			shellScript = "\"${PODS_ROOT}/Target Support Files/Pods-demo/Pods-demo-frameworks.sh\"\n";
			showEnvVarsInLog = 0;
		};
		4D49CF47725EBD864D719F7D /* [CP] Check Pods Manifest.lock */ = {
			isa = PBXShellScriptBuildPhase;
			buildActionMask = 2147483647;
			files = (
			);
			inputFileListPaths = (
			);
			inputPaths = (
				"${PODS_PODFILE_DIR_PATH}/Podfile.lock",
				"${PODS_ROOT}/Manifest.lock",
			);
			name = "[CP] Check Pods Manifest.lock";
			outputFileListPaths = (
			);
			outputPaths = (
				"$(DERIVED_FILE_DIR)/Pods-demo-demoUITests-checkManifestLockResult.txt",
			);
			runOnlyForDeploymentPostprocessing = 0;
			shellPath = /bin/sh;
			shellScript = "diff \"${PODS_PODFILE_DIR_PATH}/Podfile.lock\" \"${PODS_ROOT}/Manifest.lock\" > /dev/null\nif [ $? != 0 ] ; then\n    # print error to STDERR\n    echo \"error: The sandbox is not in sync with the Podfile.lock. Run 'pod install' or update your CocoaPods installation.\" >&2\n    exit 1\nfi\n# This output is used by Xcode 'outputs' to avoid re-running this script phase.\necho \"SUCCESS\" > \"${SCRIPT_OUTPUT_FILE_0}\"\n";
			showEnvVarsInLog = 0;
		};
		4F43D1E7AA49D09E76177C85 /* [CP] Check Pods Manifest.lock */ = {
			isa = PBXShellScriptBuildPhase;
			buildActionMask = 2147483647;
			files = (
			);
			inputFileListPaths = (
			);
			inputPaths = (
				"${PODS_PODFILE_DIR_PATH}/Podfile.lock",
				"${PODS_ROOT}/Manifest.lock",
			);
			name = "[CP] Check Pods Manifest.lock";
			outputFileListPaths = (
			);
			outputPaths = (
				"$(DERIVED_FILE_DIR)/Pods-demo-checkManifestLockResult.txt",
			);
			runOnlyForDeploymentPostprocessing = 0;
			shellPath = /bin/sh;
			shellScript = "diff \"${PODS_PODFILE_DIR_PATH}/Podfile.lock\" \"${PODS_ROOT}/Manifest.lock\" > /dev/null\nif [ $? != 0 ] ; then\n    # print error to STDERR\n    echo \"error: The sandbox is not in sync with the Podfile.lock. Run 'pod install' or update your CocoaPods installation.\" >&2\n    exit 1\nfi\n# This output is used by Xcode 'outputs' to avoid re-running this script phase.\necho \"SUCCESS\" > \"${SCRIPT_OUTPUT_FILE_0}\"\n";
			showEnvVarsInLog = 0;
		};
		6CB20821A27EF3BAB99D0577 /* [CP] Embed Pods Frameworks */ = {
			isa = PBXShellScriptBuildPhase;
			buildActionMask = 2147483647;
			files = (
			);
			inputFileListPaths = (
				"${PODS_ROOT}/Target Support Files/Pods-demo-demoUITests/Pods-demo-demoUITests-frameworks-${CONFIGURATION}-input-files.xcfilelist",
			);
			name = "[CP] Embed Pods Frameworks";
			outputFileListPaths = (
				"${PODS_ROOT}/Target Support Files/Pods-demo-demoUITests/Pods-demo-demoUITests-frameworks-${CONFIGURATION}-output-files.xcfilelist",
			);
			runOnlyForDeploymentPostprocessing = 0;
			shellPath = /bin/sh;
			shellScript = "\"${PODS_ROOT}/Target Support Files/Pods-demo-demoUITests/Pods-demo-demoUITests-frameworks.sh\"\n";
			showEnvVarsInLog = 0;
		};
		834123B0BF66DBEAE2C59463 /* [CP] Check Pods Manifest.lock */ = {
			isa = PBXShellScriptBuildPhase;
			buildActionMask = 2147483647;
			files = (
			);
			inputFileListPaths = (
			);
			inputPaths = (
				"${PODS_PODFILE_DIR_PATH}/Podfile.lock",
				"${PODS_ROOT}/Manifest.lock",
			);
			name = "[CP] Check Pods Manifest.lock";
			outputFileListPaths = (
			);
			outputPaths = (
				"$(DERIVED_FILE_DIR)/Pods-demoTests-checkManifestLockResult.txt",
			);
			runOnlyForDeploymentPostprocessing = 0;
			shellPath = /bin/sh;
			shellScript = "diff \"${PODS_PODFILE_DIR_PATH}/Podfile.lock\" \"${PODS_ROOT}/Manifest.lock\" > /dev/null\nif [ $? != 0 ] ; then\n    # print error to STDERR\n    echo \"error: The sandbox is not in sync with the Podfile.lock. Run 'pod install' or update your CocoaPods installation.\" >&2\n    exit 1\nfi\n# This output is used by Xcode 'outputs' to avoid re-running this script phase.\necho \"SUCCESS\" > \"${SCRIPT_OUTPUT_FILE_0}\"\n";
			showEnvVarsInLog = 0;
		};
/* End PBXShellScriptBuildPhase section */

/* Begin PBXSourcesBuildPhase section */
		765EEC2E25284BA900A51837 /* Sources */ = {
			isa = PBXSourcesBuildPhase;
			buildActionMask = 2147483647;
			files = (
				4F5BBEFD252B2BAD00C96466 /* PhotoTableViewCell.swift in Sources */,
				762AEB8525286E6400105B9E /* UIImageviewExtension.swift in Sources */,
				768CEB2325285CEA00B8D693 /* File.swift in Sources */,
				765EEC3A25284BAA00A51837 /* ViewController.swift in Sources */,
				765EEC3625284BAA00A51837 /* AppDelegate.swift in Sources */,
				765EEC3825284BAA00A51837 /* SceneDelegate.swift in Sources */,
			);
			runOnlyForDeploymentPostprocessing = 0;
		};
		765EEC4425284BAC00A51837 /* Sources */ = {
			isa = PBXSourcesBuildPhase;
			buildActionMask = 2147483647;
			files = (
				765EEC4D25284BAC00A51837 /* demoTests.swift in Sources */,
			);
			runOnlyForDeploymentPostprocessing = 0;
		};
		765EEC4F25284BAC00A51837 /* Sources */ = {
			isa = PBXSourcesBuildPhase;
			buildActionMask = 2147483647;
			files = (
				765EEC5825284BAC00A51837 /* demoUITests.swift in Sources */,
			);
			runOnlyForDeploymentPostprocessing = 0;
		};
/* End PBXSourcesBuildPhase section */

/* Begin PBXTargetDependency section */
		765EEC4A25284BAC00A51837 /* PBXTargetDependency */ = {
			isa = PBXTargetDependency;
			target = 765EEC3125284BA900A51837 /* demo */;
			targetProxy = 765EEC4925284BAC00A51837 /* PBXContainerItemProxy */;
		};
		765EEC5525284BAC00A51837 /* PBXTargetDependency */ = {
			isa = PBXTargetDependency;
			target = 765EEC3125284BA900A51837 /* demo */;
			targetProxy = 765EEC5425284BAC00A51837 /* PBXContainerItemProxy */;
		};
/* End PBXTargetDependency section */

/* Begin PBXVariantGroup section */
		765EEC3B25284BAA00A51837 /* Main.storyboard */ = {
			isa = PBXVariantGroup;
			children = (
				765EEC3C25284BAA00A51837 /* Base */,
			);
			name = Main.storyboard;
			sourceTree = "<group>";
		};
		765EEC4025284BAC00A51837 /* LaunchScreen.storyboard */ = {
			isa = PBXVariantGroup;
			children = (
				765EEC4125284BAC00A51837 /* Base */,
			);
			name = LaunchScreen.storyboard;
			sourceTree = "<group>";
		};
/* End PBXVariantGroup section */

/* Begin XCBuildConfiguration section */
		765EEC5A25284BAC00A51837 /* Debug */ = {
			isa = XCBuildConfiguration;
			buildSettings = {
				ALWAYS_SEARCH_USER_PATHS = NO;
				CLANG_ANALYZER_NONNULL = YES;
				CLANG_ANALYZER_NUMBER_OBJECT_CONVERSION = YES_AGGRESSIVE;
				CLANG_CXX_LANGUAGE_STANDARD = "gnu++14";
				CLANG_CXX_LIBRARY = "libc++";
				CLANG_ENABLE_MODULES = YES;
				CLANG_ENABLE_OBJC_ARC = YES;
				CLANG_ENABLE_OBJC_WEAK = YES;
				CLANG_WARN_BLOCK_CAPTURE_AUTORELEASING = YES;
				CLANG_WARN_BOOL_CONVERSION = YES;
				CLANG_WARN_COMMA = YES;
				CLANG_WARN_CONSTANT_CONVERSION = YES;
				CLANG_WARN_DEPRECATED_OBJC_IMPLEMENTATIONS = YES;
				CLANG_WARN_DIRECT_OBJC_ISA_USAGE = YES_ERROR;
				CLANG_WARN_DOCUMENTATION_COMMENTS = YES;
				CLANG_WARN_EMPTY_BODY = YES;
				CLANG_WARN_ENUM_CONVERSION = YES;
				CLANG_WARN_INFINITE_RECURSION = YES;
				CLANG_WARN_INT_CONVERSION = YES;
				CLANG_WARN_NON_LITERAL_NULL_CONVERSION = YES;
				CLANG_WARN_OBJC_IMPLICIT_RETAIN_SELF = YES;
				CLANG_WARN_OBJC_LITERAL_CONVERSION = YES;
				CLANG_WARN_OBJC_ROOT_CLASS = YES_ERROR;
				CLANG_WARN_QUOTED_INCLUDE_IN_FRAMEWORK_HEADER = YES;
				CLANG_WARN_RANGE_LOOP_ANALYSIS = YES;
				CLANG_WARN_STRICT_PROTOTYPES = YES;
				CLANG_WARN_SUSPICIOUS_MOVE = YES;
				CLANG_WARN_UNGUARDED_AVAILABILITY = YES_AGGRESSIVE;
				CLANG_WARN_UNREACHABLE_CODE = YES;
				CLANG_WARN__DUPLICATE_METHOD_MATCH = YES;
				COPY_PHASE_STRIP = NO;
				DEBUG_INFORMATION_FORMAT = dwarf;
				ENABLE_STRICT_OBJC_MSGSEND = YES;
				ENABLE_TESTABILITY = YES;
				GCC_C_LANGUAGE_STANDARD = gnu11;
				GCC_DYNAMIC_NO_PIC = NO;
				GCC_NO_COMMON_BLOCKS = YES;
				GCC_OPTIMIZATION_LEVEL = 0;
				GCC_PREPROCESSOR_DEFINITIONS = (
					"DEBUG=1",
					"$(inherited)",
				);
				GCC_WARN_64_TO_32_BIT_CONVERSION = YES;
				GCC_WARN_ABOUT_RETURN_TYPE = YES_ERROR;
				GCC_WARN_UNDECLARED_SELECTOR = YES;
				GCC_WARN_UNINITIALIZED_AUTOS = YES_AGGRESSIVE;
				GCC_WARN_UNUSED_FUNCTION = YES;
				GCC_WARN_UNUSED_VARIABLE = YES;
				IPHONEOS_DEPLOYMENT_TARGET = 13.6;
				MTL_ENABLE_DEBUG_INFO = INCLUDE_SOURCE;
				MTL_FAST_MATH = YES;
				ONLY_ACTIVE_ARCH = YES;
				SDKROOT = iphoneos;
				SWIFT_ACTIVE_COMPILATION_CONDITIONS = DEBUG;
				SWIFT_OPTIMIZATION_LEVEL = "-Onone";
			};
			name = Debug;
		};
		765EEC5B25284BAC00A51837 /* Release */ = {
			isa = XCBuildConfiguration;
			buildSettings = {
				ALWAYS_SEARCH_USER_PATHS = NO;
				CLANG_ANALYZER_NONNULL = YES;
				CLANG_ANALYZER_NUMBER_OBJECT_CONVERSION = YES_AGGRESSIVE;
				CLANG_CXX_LANGUAGE_STANDARD = "gnu++14";
				CLANG_CXX_LIBRARY = "libc++";
				CLANG_ENABLE_MODULES = YES;
				CLANG_ENABLE_OBJC_ARC = YES;
				CLANG_ENABLE_OBJC_WEAK = YES;
				CLANG_WARN_BLOCK_CAPTURE_AUTORELEASING = YES;
				CLANG_WARN_BOOL_CONVERSION = YES;
				CLANG_WARN_COMMA = YES;
				CLANG_WARN_CONSTANT_CONVERSION = YES;
				CLANG_WARN_DEPRECATED_OBJC_IMPLEMENTATIONS = YES;
				CLANG_WARN_DIRECT_OBJC_ISA_USAGE = YES_ERROR;
				CLANG_WARN_DOCUMENTATION_COMMENTS = YES;
				CLANG_WARN_EMPTY_BODY = YES;
				CLANG_WARN_ENUM_CONVERSION = YES;
				CLANG_WARN_INFINITE_RECURSION = YES;
				CLANG_WARN_INT_CONVERSION = YES;
				CLANG_WARN_NON_LITERAL_NULL_CONVERSION = YES;
				CLANG_WARN_OBJC_IMPLICIT_RETAIN_SELF = YES;
				CLANG_WARN_OBJC_LITERAL_CONVERSION = YES;
				CLANG_WARN_OBJC_ROOT_CLASS = YES_ERROR;
				CLANG_WARN_QUOTED_INCLUDE_IN_FRAMEWORK_HEADER = YES;
				CLANG_WARN_RANGE_LOOP_ANALYSIS = YES;
				CLANG_WARN_STRICT_PROTOTYPES = YES;
				CLANG_WARN_SUSPICIOUS_MOVE = YES;
				CLANG_WARN_UNGUARDED_AVAILABILITY = YES_AGGRESSIVE;
				CLANG_WARN_UNREACHABLE_CODE = YES;
				CLANG_WARN__DUPLICATE_METHOD_MATCH = YES;
				COPY_PHASE_STRIP = NO;
				DEBUG_INFORMATION_FORMAT = "dwarf-with-dsym";
				ENABLE_NS_ASSERTIONS = NO;
				ENABLE_STRICT_OBJC_MSGSEND = YES;
				GCC_C_LANGUAGE_STANDARD = gnu11;
				GCC_NO_COMMON_BLOCKS = YES;
				GCC_WARN_64_TO_32_BIT_CONVERSION = YES;
				GCC_WARN_ABOUT_RETURN_TYPE = YES_ERROR;
				GCC_WARN_UNDECLARED_SELECTOR = YES;
				GCC_WARN_UNINITIALIZED_AUTOS = YES_AGGRESSIVE;
				GCC_WARN_UNUSED_FUNCTION = YES;
				GCC_WARN_UNUSED_VARIABLE = YES;
				IPHONEOS_DEPLOYMENT_TARGET = 13.6;
				MTL_ENABLE_DEBUG_INFO = NO;
				MTL_FAST_MATH = YES;
				SDKROOT = iphoneos;
				SWIFT_COMPILATION_MODE = wholemodule;
				SWIFT_OPTIMIZATION_LEVEL = "-O";
				VALIDATE_PRODUCT = YES;
			};
			name = Release;
		};
		765EEC5D25284BAC00A51837 /* Debug */ = {
			isa = XCBuildConfiguration;
			baseConfigurationReference = 9439B4E2B678BA26900BFB09 /* Pods-demo.debug.xcconfig */;
			buildSettings = {
				ASSETCATALOG_COMPILER_APPICON_NAME = AppIcon;
				ASSETCATALOG_COMPILER_GLOBAL_ACCENT_COLOR_NAME = AccentColor;
				BUNDLE_LOADER = "$(TEST_HOST)";
				CODE_SIGN_STYLE = Automatic;
				DEVELOPMENT_TEAM = 2A3Q7XBRAK;
				INFOPLIST_FILE = demo/Info.plist;
				LD_RUNPATH_SEARCH_PATHS = (
					"$(inherited)",
					"@executable_path/Frameworks",
				);
				MACH_O_TYPE = mh_execute;
				PRODUCT_BUNDLE_IDENTIFIER = remon.demo;
				PRODUCT_NAME = "$(TARGET_NAME)";
				SWIFT_VERSION = 5.0;
				TARGETED_DEVICE_FAMILY = "1,2";
			};
			name = Debug;
		};
		765EEC5E25284BAC00A51837 /* Release */ = {
			isa = XCBuildConfiguration;
			baseConfigurationReference = B6F2317A37DDA58829F7E47F /* Pods-demo.release.xcconfig */;
			buildSettings = {
				ASSETCATALOG_COMPILER_APPICON_NAME = AppIcon;
				ASSETCATALOG_COMPILER_GLOBAL_ACCENT_COLOR_NAME = AccentColor;
				BUNDLE_LOADER = "$(TEST_HOST)";
				CODE_SIGN_STYLE = Automatic;
				DEVELOPMENT_TEAM = 2A3Q7XBRAK;
				INFOPLIST_FILE = demo/Info.plist;
				LD_RUNPATH_SEARCH_PATHS = (
					"$(inherited)",
					"@executable_path/Frameworks",
				);
				MACH_O_TYPE = mh_execute;
				PRODUCT_BUNDLE_IDENTIFIER = remon.demo;
				PRODUCT_NAME = "$(TARGET_NAME)";
				SWIFT_VERSION = 5.0;
				TARGETED_DEVICE_FAMILY = "1,2";
			};
			name = Release;
		};
		765EEC6025284BAC00A51837 /* Debug */ = {
			isa = XCBuildConfiguration;
			baseConfigurationReference = 021EAEE0A776B644957E43E7 /* Pods-demoTests.debug.xcconfig */;
			buildSettings = {
				ALWAYS_EMBED_SWIFT_STANDARD_LIBRARIES = YES;
				BUNDLE_LOADER = "$(TEST_HOST)";
				CODE_SIGN_STYLE = Automatic;
				DEVELOPMENT_TEAM = 2A3Q7XBRAK;
				INFOPLIST_FILE = demoTests/Info.plist;
				IPHONEOS_DEPLOYMENT_TARGET = 14.0;
				LD_RUNPATH_SEARCH_PATHS = (
					"$(inherited)",
					"@executable_path/Frameworks",
					"@loader_path/Frameworks",
				);
				PRODUCT_BUNDLE_IDENTIFIER = remon.demoTests;
				PRODUCT_NAME = "$(TARGET_NAME)";
				SWIFT_VERSION = 5.0;
				TARGETED_DEVICE_FAMILY = "1,2";
				TEST_HOST = "$(BUILT_PRODUCTS_DIR)/demo.app/demo";
			};
			name = Debug;
		};
		765EEC6125284BAC00A51837 /* Release */ = {
			isa = XCBuildConfiguration;
			baseConfigurationReference = 1E8732A27C2320399D530758 /* Pods-demoTests.release.xcconfig */;
			buildSettings = {
				ALWAYS_EMBED_SWIFT_STANDARD_LIBRARIES = YES;
				BUNDLE_LOADER = "$(TEST_HOST)";
				CODE_SIGN_STYLE = Automatic;
				DEVELOPMENT_TEAM = 2A3Q7XBRAK;
				INFOPLIST_FILE = demoTests/Info.plist;
				IPHONEOS_DEPLOYMENT_TARGET = 14.0;
				LD_RUNPATH_SEARCH_PATHS = (
					"$(inherited)",
					"@executable_path/Frameworks",
					"@loader_path/Frameworks",
				);
				PRODUCT_BUNDLE_IDENTIFIER = remon.demoTests;
				PRODUCT_NAME = "$(TARGET_NAME)";
				SWIFT_VERSION = 5.0;
				TARGETED_DEVICE_FAMILY = "1,2";
				TEST_HOST = "$(BUILT_PRODUCTS_DIR)/demo.app/demo";
			};
			name = Release;
		};
		765EEC6325284BAC00A51837 /* Debug */ = {
			isa = XCBuildConfiguration;
			baseConfigurationReference = 48E95004CDB4621621254E80 /* Pods-demo-demoUITests.debug.xcconfig */;
			buildSettings = {
				ALWAYS_EMBED_SWIFT_STANDARD_LIBRARIES = YES;
				CODE_SIGN_STYLE = Automatic;
				DEVELOPMENT_TEAM = 2A3Q7XBRAK;
				INFOPLIST_FILE = demoUITests/Info.plist;
				LD_RUNPATH_SEARCH_PATHS = (
					"$(inherited)",
					"@executable_path/Frameworks",
					"@loader_path/Frameworks",
				);
				PRODUCT_BUNDLE_IDENTIFIER = remon.demoUITests;
				PRODUCT_NAME = "$(TARGET_NAME)";
				SWIFT_VERSION = 5.0;
				TARGETED_DEVICE_FAMILY = "1,2";
				TEST_TARGET_NAME = demo;
			};
			name = Debug;
		};
		765EEC6425284BAC00A51837 /* Release */ = {
			isa = XCBuildConfiguration;
			baseConfigurationReference = CB6A28C318225F8572013528 /* Pods-demo-demoUITests.release.xcconfig */;
			buildSettings = {
				ALWAYS_EMBED_SWIFT_STANDARD_LIBRARIES = YES;
				CODE_SIGN_STYLE = Automatic;
				DEVELOPMENT_TEAM = 2A3Q7XBRAK;
				INFOPLIST_FILE = demoUITests/Info.plist;
				LD_RUNPATH_SEARCH_PATHS = (
					"$(inherited)",
					"@executable_path/Frameworks",
					"@loader_path/Frameworks",
				);
				PRODUCT_BUNDLE_IDENTIFIER = remon.demoUITests;
				PRODUCT_NAME = "$(TARGET_NAME)";
				SWIFT_VERSION = 5.0;
				TARGETED_DEVICE_FAMILY = "1,2";
				TEST_TARGET_NAME = demo;
			};
			name = Release;
		};
/* End XCBuildConfiguration section */

/* Begin XCConfigurationList section */
		765EEC2D25284BA900A51837 /* Build configuration list for PBXProject "demo" */ = {
			isa = XCConfigurationList;
			buildConfigurations = (
				765EEC5A25284BAC00A51837 /* Debug */,
				765EEC5B25284BAC00A51837 /* Release */,
			);
			defaultConfigurationIsVisible = 0;
			defaultConfigurationName = Release;
		};
		765EEC5C25284BAC00A51837 /* Build configuration list for PBXNativeTarget "demo" */ = {
			isa = XCConfigurationList;
			buildConfigurations = (
				765EEC5D25284BAC00A51837 /* Debug */,
				765EEC5E25284BAC00A51837 /* Release */,
			);
			defaultConfigurationIsVisible = 0;
			defaultConfigurationName = Release;
		};
		765EEC5F25284BAC00A51837 /* Build configuration list for PBXNativeTarget "demoTests" */ = {
			isa = XCConfigurationList;
			buildConfigurations = (
				765EEC6025284BAC00A51837 /* Debug */,
				765EEC6125284BAC00A51837 /* Release */,
			);
			defaultConfigurationIsVisible = 0;
			defaultConfigurationName = Release;
		};
		765EEC6225284BAC00A51837 /* Build configuration list for PBXNativeTarget "demoUITests" */ = {
			isa = XCConfigurationList;
			buildConfigurations = (
				765EEC6325284BAC00A51837 /* Debug */,
				765EEC6425284BAC00A51837 /* Release */,
			);
			defaultConfigurationIsVisible = 0;
			defaultConfigurationName = Release;
		};
/* End XCConfigurationList section */
	};
	rootObject = 765EEC2A25284BA900A51837 /* Project object */;
}
